
Microsoft Visual Studio Solution File, Format Version 12.00
# Visual Studio Version 17
VisualStudioVersion = 17.3.32825.248
MinimumVisualStudioVersion = 10.0.40219.1
Project("{9A19103F-16F7-4668-BE54-9A1E7A4F7556}") = "Builder", "Builder\Builder.csproj", "{400F558A-BE6F-4EC2-8E5F-732D9C3BEF9B}"
EndProject
Project("{9A19103F-16F7-4668-BE54-9A1E7A4F7556}") = "Builder(cars,scooters)", "Builder(cars,scooters)\Builder(cars,scooters).csproj", "{FFE8D91C-6506-4E1E-9ECC-629BF667588C}"
EndProject
Project("{9A19103F-16F7-4668-BE54-9A1E7A4F7556}") = "Prototype", "Prototype\Prototype.csproj", "{D2726226-28CD-4DFA-93C4-3571660ECD87}"
EndProject
Project("{9A19103F-16F7-4668-BE54-9A1E7A4F7556}") = "PrototypeTask", "PrototypeTask\PrototypeTask.csproj", "{51307BBD-9E41-4F4D-930E-FE06B6651188}"
EndProject
Project("{9A19103F-16F7-4668-BE54-9A1E7A4F7556}") = "Command", "Command\Command.csproj", "{5FBD5687-DEA5-49C9-B98E-F893C5E3B0EE}"
EndProject
Project("{9A19103F-16F7-4668-BE54-9A1E7A4F7556}") = "Strategy", "Strategy\Strategy.csproj", "{A383477F-59AA-4763-A630-7D0E5FE84BFE}"
EndProject
Project("{FAE04EC0-301F-11D3-BF4B-00C04F79EFBC}") = "Command(Task)", "Command(Task)\Command(Task).csproj", "{4FC77140-AF5C-4EBA-8B04-B51513AE57ED}"
EndProject
Global
	GlobalSection(SolutionConfigurationPlatforms) = preSolution
		Debug|Any CPU = Debug|Any CPU
		Release|Any CPU = Release|Any CPU
	EndGlobalSection
	GlobalSection(ProjectConfigurationPlatforms) = postSolution
		{400F558A-BE6F-4EC2-8E5F-732D9C3BEF9B}.Debug|Any CPU.ActiveCfg = Debug|Any CPU
		{400F558A-BE6F-4EC2-8E5F-732D9C3BEF9B}.Debug|Any CPU.Build.0 = Debug|Any CPU
		{400F558A-BE6F-4EC2-8E5F-732D9C3BEF9B}.Release|Any CPU.ActiveCfg = Release|Any CPU
		{400F558A-BE6F-4EC2-8E5F-732D9C3BEF9B}.Release|Any CPU.Build.0 = Release|Any CPU
		{FFE8D91C-6506-4E1E-9ECC-629BF667588C}.Debug|Any CPU.ActiveCfg = Debug|Any CPU
		{FFE8D91C-6506-4E1E-9ECC-629BF667588C}.Debug|Any CPU.Build.0 = Debug|Any CPU
		{FFE8D91C-6506-4E1E-9ECC-629BF667588C}.Release|Any CPU.ActiveCfg = Release|Any CPU
		{FFE8D91C-6506-4E1E-9ECC-629BF667588C}.Release|Any CPU.Build.0 = Release|Any CPU
		{D2726226-28CD-4DFA-93C4-3571660ECD87}.Debug|Any CPU.ActiveCfg = Debug|Any CPU
		{D2726226-28CD-4DFA-93C4-3571660ECD87}.Debug|Any CPU.Build.0 = Debug|Any CPU
		{D2726226-28CD-4DFA-93C4-3571660ECD87}.Release|Any CPU.ActiveCfg = Release|Any CPU
		{D2726226-28CD-4DFA-93C4-3571660ECD87}.Release|Any CPU.Build.0 = Release|Any CPU
		{51307BBD-9E41-4F4D-930E-FE06B6651188}.Debug|Any CPU.ActiveCfg = Debug|Any CPU
		{51307BBD-9E41-4F4D-930E-FE06B6651188}.Debug|Any CPU.Build.0 = Debug|Any CPU
		{51307BBD-9E41-4F4D-930E-FE06B6651188}.Release|Any CPU.ActiveCfg = Release|Any CPU
		{51307BBD-9E41-4F4D-930E-FE06B6651188}.Release|Any CPU.Build.0 = Release|Any CPU
		{5FBD5687-DEA5-49C9-B98E-F893C5E3B0EE}.Debug|Any CPU.ActiveCfg = Debug|Any CPU
		{5FBD5687-DEA5-49C9-B98E-F893C5E3B0EE}.Debug|Any CPU.Build.0 = Debug|Any CPU
		{5FBD5687-DEA5-49C9-B98E-F893C5E3B0EE}.Release|Any CPU.ActiveCfg = Release|Any CPU
		{5FBD5687-DEA5-49C9-B98E-F893C5E3B0EE}.Release|Any CPU.Build.0 = Release|Any CPU
		{A383477F-59AA-4763-A630-7D0E5FE84BFE}.Debug|Any CPU.ActiveCfg = Debug|Any CPU
		{A383477F-59AA-4763-A630-7D0E5FE84BFE}.Debug|Any CPU.Build.0 = Debug|Any CPU
		{A383477F-59AA-4763-A630-7D0E5FE84BFE}.Release|Any CPU.ActiveCfg = Release|Any CPU
		{A383477F-59AA-4763-A630-7D0E5FE84BFE}.Release|Any CPU.Build.0 = Release|Any CPU
		{4FC77140-AF5C-4EBA-8B04-B51513AE57ED}.Debug|Any CPU.ActiveCfg = Debug|Any CPU
		{4FC77140-AF5C-4EBA-8B04-B51513AE57ED}.Debug|Any CPU.Build.0 = Debug|Any CPU
		{4FC77140-AF5C-4EBA-8B04-B51513AE57ED}.Release|Any CPU.ActiveCfg = Release|Any CPU
		{4FC77140-AF5C-4EBA-8B04-B51513AE57ED}.Release|Any CPU.Build.0 = Release|Any CPU
	EndGlobalSection
	GlobalSection(SolutionProperties) = preSolution
		HideSolutionNode = FALSE
	EndGlobalSection
	GlobalSection(ExtensibilityGlobals) = postSolution
		SolutionGuid = {915EA841-D3A6-447B-AE88-3F620DEDB261}
	EndGlobalSection
EndGlobal
